
Microsoft Visual Studio Solution File, Format Version 12.00
# Visual Studio 15
VisualStudioVersion = 15.0.27130.2027
MinimumVisualStudioVersion = 10.0.40219.1
Project("{FAE04EC0-301F-11D3-BF4B-00C04F79EFBC}") = "WhatsThatFood", "WhatsThatFood\WhatsThatFood.csproj", "{2C204CDB-629B-408F-AED6-834176B16813}"
EndProject
Project("{FAE04EC0-301F-11D3-BF4B-00C04F79EFBC}") = "WhatsThatFood.Services", "WhatsThatFood.Services\WhatsThatFood.Services.csproj", "{A30E4B0B-CD38-4CD5-91BF-41A3A13A9F5D}"
EndProject
Global
	GlobalSection(SolutionConfigurationPlatforms) = preSolution
		Debug|Any CPU = Debug|Any CPU
		Release|Any CPU = Release|Any CPU
	EndGlobalSection
	GlobalSection(ProjectConfigurationPlatforms) = postSolution
		{2C204CDB-629B-408F-AED6-834176B16813}.Debug|Any CPU.ActiveCfg = Debug|Any CPU
		{2C204CDB-629B-408F-AED6-834176B16813}.Debug|Any CPU.Build.0 = Debug|Any CPU
		{2C204CDB-629B-408F-AED6-834176B16813}.Release|Any CPU.ActiveCfg = Release|Any CPU
		{2C204CDB-629B-408F-AED6-834176B16813}.Release|Any CPU.Build.0 = Release|Any CPU
		{A30E4B0B-CD38-4CD5-91BF-41A3A13A9F5D}.Debug|Any CPU.ActiveCfg = Debug|Any CPU
		{A30E4B0B-CD38-4CD5-91BF-41A3A13A9F5D}.Debug|Any CPU.Build.0 = Debug|Any CPU
		{A30E4B0B-CD38-4CD5-91BF-41A3A13A9F5D}.Release|Any CPU.ActiveCfg = Release|Any CPU
		{A30E4B0B-CD38-4CD5-91BF-41A3A13A9F5D}.Release|Any CPU.Build.0 = Release|Any CPU
	EndGlobalSection
	GlobalSection(SolutionProperties) = preSolution
		HideSolutionNode = FALSE
	EndGlobalSection
	GlobalSection(ExtensibilityGlobals) = postSolution
		SolutionGuid = {6409D53C-7105-4F49-83FC-1562C9A0F0C1}
	EndGlobalSection
EndGlobal
